// !$*UTF8*$!
{
	archiveVersion = 1;
	classes = {
	};
	objectVersion = 50;
	objects = {

/* Begin PBXBuildFile section */
		2249A7E9260F5D1F0098ED6A /* AppDelegate.swift in Sources */ = {isa = PBXBuildFile; fileRef = 2249A7E8260F5D1F0098ED6A /* AppDelegate.swift */; };
		2249A7EB260F5D1F0098ED6A /* SceneDelegate.swift in Sources */ = {isa = PBXBuildFile; fileRef = 2249A7EA260F5D1F0098ED6A /* SceneDelegate.swift */; };
		2249A7ED260F5D1F0098ED6A /* ContentView.swift in Sources */ = {isa = PBXBuildFile; fileRef = 2249A7EC260F5D1F0098ED6A /* ContentView.swift */; };
		2249A7EF260F5D240098ED6A /* Assets.xcassets in Resources */ = {isa = PBXBuildFile; fileRef = 2249A7EE260F5D240098ED6A /* Assets.xcassets */; };
		2249A7F2260F5D240098ED6A /* Preview Assets.xcassets in Resources */ = {isa = PBXBuildFile; fileRef = 2249A7F1260F5D240098ED6A /* Preview Assets.xcassets */; };
		2249A7F5260F5D240098ED6A /* LaunchScreen.storyboard in Resources */ = {isa = PBXBuildFile; fileRef = 2249A7F3260F5D240098ED6A /* LaunchScreen.storyboard */; };
		2249A800260F5D240098ED6A /* ExpenseTests.swift in Sources */ = {isa = PBXBuildFile; fileRef = 2249A7FF260F5D240098ED6A /* ExpenseTests.swift */; };
		2249A80B260F5D240098ED6A /* ExpenseUITests.swift in Sources */ = {isa = PBXBuildFile; fileRef = 2249A80A260F5D240098ED6A /* ExpenseUITests.swift */; };
/* End PBXBuildFile section */

/* Begin PBXContainerItemProxy section */
		2249A7FC260F5D240098ED6A /* PBXContainerItemProxy */ = {
			isa = PBXContainerItemProxy;
			containerPortal = 2249A7DD260F5D1E0098ED6A /* Project object */;
			proxyType = 1;
			remoteGlobalIDString = 2249A7E4260F5D1E0098ED6A;
			remoteInfo = Expense;
		};
		2249A807260F5D240098ED6A /* PBXContainerItemProxy */ = {
			isa = PBXContainerItemProxy;
			containerPortal = 2249A7DD260F5D1E0098ED6A /* Project object */;
			proxyType = 1;
			remoteGlobalIDString = 2249A7E4260F5D1E0098ED6A;
			remoteInfo = Expense;
		};
/* End PBXContainerItemProxy section */

/* Begin PBXFileReference section */
		2249A7E5260F5D1E0098ED6A /* Expense.app */ = {isa = PBXFileReference; explicitFileType = wrapper.application; includeInIndex = 0; path = Expense.app; sourceTree = BUILT_PRODUCTS_DIR; };
		2249A7E8260F5D1F0098ED6A /* AppDelegate.swift */ = {isa = PBXFileReference; lastKnownFileType = sourcecode.swift; path = AppDelegate.swift; sourceTree = "<group>"; };
		2249A7EA260F5D1F0098ED6A /* SceneDelegate.swift */ = {isa = PBXFileReference; lastKnownFileType = sourcecode.swift; path = SceneDelegate.swift; sourceTree = "<group>"; };
		2249A7EC260F5D1F0098ED6A /* ContentView.swift */ = {isa = PBXFileReference; lastKnownFileType = sourcecode.swift; path = ContentView.swift; sourceTree = "<group>"; };
		2249A7EE260F5D240098ED6A /* Assets.xcassets */ = {isa = PBXFileReference; lastKnownFileType = folder.assetcatalog; path = Assets.xcassets; sourceTree = "<group>"; };
		2249A7F1260F5D240098ED6A /* Preview Assets.xcassets */ = {isa = PBXFileReference; lastKnownFileType = folder.assetcatalog; path = "Preview Assets.xcassets"; sourceTree = "<group>"; };
		2249A7F4260F5D240098ED6A /* Base */ = {isa = PBXFileReference; lastKnownFileType = file.storyboard; name = Base; path = Base.lproj/LaunchScreen.storyboard; sourceTree = "<group>"; };
		2249A7F6260F5D240098ED6A /* Info.plist */ = {isa = PBXFileReference; lastKnownFileType = text.plist.xml; path = Info.plist; sourceTree = "<group>"; };
		2249A7FB260F5D240098ED6A /* ExpenseTests.xctest */ = {isa = PBXFileReference; explicitFileType = wrapper.cfbundle; includeInIndex = 0; path = ExpenseTests.xctest; sourceTree = BUILT_PRODUCTS_DIR; };
		2249A7FF260F5D240098ED6A /* ExpenseTests.swift */ = {isa = PBXFileReference; lastKnownFileType = sourcecode.swift; path = ExpenseTests.swift; sourceTree = "<group>"; };
		2249A801260F5D240098ED6A /* Info.plist */ = {isa = PBXFileReference; lastKnownFileType = text.plist.xml; path = Info.plist; sourceTree = "<group>"; };
		2249A806260F5D240098ED6A /* ExpenseUITests.xctest */ = {isa = PBXFileReference; explicitFileType = wrapper.cfbundle; includeInIndex = 0; path = ExpenseUITests.xctest; sourceTree = BUILT_PRODUCTS_DIR; };
		2249A80A260F5D240098ED6A /* ExpenseUITests.swift */ = {isa = PBXFileReference; lastKnownFileType = sourcecode.swift; path = ExpenseUITests.swift; sourceTree = "<group>"; };
		2249A80C260F5D240098ED6A /* Info.plist */ = {isa = PBXFileReference; lastKnownFileType = text.plist.xml; path = Info.plist; sourceTree = "<group>"; };
/* End PBXFileReference section */

/* Begin PBXFrameworksBuildPhase section */
		2249A7E2260F5D1E0098ED6A /* Frameworks */ = {
			isa = PBXFrameworksBuildPhase;
			buildActionMask = 2147483647;
			files = (
			);
			runOnlyForDeploymentPostprocessing = 0;
		};
		2249A7F8260F5D240098ED6A /* Frameworks */ = {
			isa = PBXFrameworksBuildPhase;
			buildActionMask = 2147483647;
			files = (
			);
			runOnlyForDeploymentPostprocessing = 0;
		};
		2249A803260F5D240098ED6A /* Frameworks */ = {
			isa = PBXFrameworksBuildPhase;
			buildActionMask = 2147483647;
			files = (
			);
			runOnlyForDeploymentPostprocessing = 0;
		};
/* End PBXFrameworksBuildPhase section */

/* Begin PBXGroup section */
		2249A7DC260F5D1E0098ED6A = {
			isa = PBXGroup;
			children = (
				2249A7E7260F5D1E0098ED6A /* Expense */,
				2249A7FE260F5D240098ED6A /* ExpenseTests */,
				2249A809260F5D240098ED6A /* ExpenseUITests */,
				2249A7E6260F5D1E0098ED6A /* Products */,
			);
			sourceTree = "<group>";
		};
		2249A7E6260F5D1E0098ED6A /* Products */ = {
			isa = PBXGroup;
			children = (
				2249A7E5260F5D1E0098ED6A /* Expense.app */,
				2249A7FB260F5D240098ED6A /* ExpenseTests.xctest */,
				2249A806260F5D240098ED6A /* ExpenseUITests.xctest */,
			);
			name = Products;
			sourceTree = "<group>";
		};
		2249A7E7260F5D1E0098ED6A /* Expense */ = {
			isa = PBXGroup;
			children = (
				2249A7E8260F5D1F0098ED6A /* AppDelegate.swift */,
				2249A7EA260F5D1F0098ED6A /* SceneDelegate.swift */,
				2249A7EC260F5D1F0098ED6A /* ContentView.swift */,
				2249A7EE260F5D240098ED6A /* Assets.xcassets */,
				2249A7F3260F5D240098ED6A /* LaunchScreen.storyboard */,
				2249A7F6260F5D240098ED6A /* Info.plist */,
				2249A7F0260F5D240098ED6A /* Preview Content */,
			);
			path = Expense;
			sourceTree = "<group>";
		};
		2249A7F0260F5D240098ED6A /* Preview Content */ = {
			isa = PBXGroup;
			children = (
				2249A7F1260F5D240098ED6A /* Preview Assets.xcassets */,
			);
			path = "Preview Content";
			sourceTree = "<group>";
		};
		2249A7FE260F5D240098ED6A /* ExpenseTests */ = {
			isa = PBXGroup;
			children = (
				2249A7FF260F5D240098ED6A /* ExpenseTests.swift */,
				2249A801260F5D240098ED6A /* Info.plist */,
			);
			path = ExpenseTests;
			sourceTree = "<group>";
		};
		2249A809260F5D240098ED6A /* ExpenseUITests */ = {
			isa = PBXGroup;
			children = (
				2249A80A260F5D240098ED6A /* ExpenseUITests.swift */,
				2249A80C260F5D240098ED6A /* Info.plist */,
			);
			path = ExpenseUITests;
			sourceTree = "<group>";
		};
/* End PBXGroup section */

/* Begin PBXNativeTarget section */
		2249A7E4260F5D1E0098ED6A /* Expense */ = {
			isa = PBXNativeTarget;
			buildConfigurationList = 2249A80F260F5D240098ED6A /* Build configuration list for PBXNativeTarget "Expense" */;
			buildPhases = (
				2249A7E1260F5D1E0098ED6A /* Sources */,
				2249A7E2260F5D1E0098ED6A /* Frameworks */,
				2249A7E3260F5D1E0098ED6A /* Resources */,
			);
			buildRules = (
			);
			dependencies = (
			);
			name = Expense;
			productName = Expense;
			productReference = 2249A7E5260F5D1E0098ED6A /* Expense.app */;
			productType = "com.apple.product-type.application";
		};
		2249A7FA260F5D240098ED6A /* ExpenseTests */ = {
			isa = PBXNativeTarget;
			buildConfigurationList = 2249A812260F5D240098ED6A /* Build configuration list for PBXNativeTarget "ExpenseTests" */;
			buildPhases = (
				2249A7F7260F5D240098ED6A /* Sources */,
				2249A7F8260F5D240098ED6A /* Frameworks */,
				2249A7F9260F5D240098ED6A /* Resources */,
			);
			buildRules = (
			);
			dependencies = (
				2249A7FD260F5D240098ED6A /* PBXTargetDependency */,
			);
			name = ExpenseTests;
			productName = ExpenseTests;
			productReference = 2249A7FB260F5D240098ED6A /* ExpenseTests.xctest */;
			productType = "com.apple.product-type.bundle.unit-test";
		};
		2249A805260F5D240098ED6A /* ExpenseUITests */ = {
			isa = PBXNativeTarget;
			buildConfigurationList = 2249A815260F5D240098ED6A /* Build configuration list for PBXNativeTarget "ExpenseUITests" */;
			buildPhases = (
				2249A802260F5D240098ED6A /* Sources */,
				2249A803260F5D240098ED6A /* Frameworks */,
				2249A804260F5D240098ED6A /* Resources */,
			);
			buildRules = (
			);
			dependencies = (
				2249A808260F5D240098ED6A /* PBXTargetDependency */,
			);
			name = ExpenseUITests;
			productName = ExpenseUITests;
			productReference = 2249A806260F5D240098ED6A /* ExpenseUITests.xctest */;
			productType = "com.apple.product-type.bundle.ui-testing";
		};
/* End PBXNativeTarget section */

/* Begin PBXProject section */
		2249A7DD260F5D1E0098ED6A /* Project object */ = {
			isa = PBXProject;
			attributes = {
				LastSwiftUpdateCheck = 1240;
				LastUpgradeCheck = 1240;
				TargetAttributes = {
					2249A7E4260F5D1E0098ED6A = {
						CreatedOnToolsVersion = 12.4;
					};
					2249A7FA260F5D240098ED6A = {
						CreatedOnToolsVersion = 12.4;
						TestTargetID = 2249A7E4260F5D1E0098ED6A;
					};
					2249A805260F5D240098ED6A = {
						CreatedOnToolsVersion = 12.4;
						TestTargetID = 2249A7E4260F5D1E0098ED6A;
					};
				};
			};
			buildConfigurationList = 2249A7E0260F5D1E0098ED6A /* Build configuration list for PBXProject "Expense" */;
			compatibilityVersion = "Xcode 9.3";
			developmentRegion = en;
			hasScannedForEncodings = 0;
			knownRegions = (
				en,
				Base,
			);
			mainGroup = 2249A7DC260F5D1E0098ED6A;
			productRefGroup = 2249A7E6260F5D1E0098ED6A /* Products */;
			projectDirPath = "";
			projectRoot = "";
			targets = (
				2249A7E4260F5D1E0098ED6A /* Expense */,
				2249A7FA260F5D240098ED6A /* ExpenseTests */,
				2249A805260F5D240098ED6A /* ExpenseUITests */,
			);
		};
/* End PBXProject section */

/* Begin PBXResourcesBuildPhase section */
		2249A7E3260F5D1E0098ED6A /* Resources */ = {
			isa = PBXResourcesBuildPhase;
			buildActionMask = 2147483647;
			files = (
				2249A7F5260F5D240098ED6A /* LaunchScreen.storyboard in Resources */,
				2249A7F2260F5D240098ED6A /* Preview Assets.xcassets in Resources */,
				2249A7EF260F5D240098ED6A /* Assets.xcassets in Resources */,
			);
			runOnlyForDeploymentPostprocessing = 0;
		};
		2249A7F9260F5D240098ED6A /* Resources */ = {
			isa = PBXResourcesBuildPhase;
			buildActionMask = 2147483647;
			files = (
			);
			runOnlyForDeploymentPostprocessing = 0;
		};
		2249A804260F5D240098ED6A /* Resources */ = {
			isa = PBXResourcesBuildPhase;
			buildActionMask = 2147483647;
			files = (
			);
			runOnlyForDeploymentPostprocessing = 0;
		};
/* End PBXResourcesBuildPhase section */

/* Begin PBXSourcesBuildPhase section */
		2249A7E1260F5D1E0098ED6A /* Sources */ = {
			isa = PBXSourcesBuildPhase;
			buildActionMask = 2147483647;
			files = (
				2249A7E9260F5D1F0098ED6A /* AppDelegate.swift in Sources */,
				2249A7EB260F5D1F0098ED6A /* SceneDelegate.swift in Sources */,
				2249A7ED260F5D1F0098ED6A /* ContentView.swift in Sources */,
			);
			runOnlyForDeploymentPostprocessing = 0;
		};
		2249A7F7260F5D240098ED6A /* Sources */ = {
			isa = PBXSourcesBuildPhase;
			buildActionMask = 2147483647;
			files = (
				2249A800260F5D240098ED6A /* ExpenseTests.swift in Sources */,
			);
			runOnlyForDeploymentPostprocessing = 0;
		};
		2249A802260F5D240098ED6A /* Sources */ = {
			isa = PBXSourcesBuildPhase;
			buildActionMask = 2147483647;
			files = (
				2249A80B260F5D240098ED6A /* ExpenseUITests.swift in Sources */,
			);
			runOnlyForDeploymentPostprocessing = 0;
		};
/* End PBXSourcesBuildPhase section */

/* Begin PBXTargetDependency section */
		2249A7FD260F5D240098ED6A /* PBXTargetDependency */ = {
			isa = PBXTargetDependency;
			target = 2249A7E4260F5D1E0098ED6A /* Expense */;
			targetProxy = 2249A7FC260F5D240098ED6A /* PBXContainerItemProxy */;
		};
		2249A808260F5D240098ED6A /* PBXTargetDependency */ = {
			isa = PBXTargetDependency;
			target = 2249A7E4260F5D1E0098ED6A /* Expense */;
			targetProxy = 2249A807260F5D240098ED6A /* PBXContainerItemProxy */;
		};
/* End PBXTargetDependency section */

/* Begin PBXVariantGroup section */
		2249A7F3260F5D240098ED6A /* LaunchScreen.storyboard */ = {
			isa = PBXVariantGroup;
			children = (
				2249A7F4260F5D240098ED6A /* Base */,
			);
			name = LaunchScreen.storyboard;
			sourceTree = "<group>";
		};
/* End PBXVariantGroup section */

/* Begin XCBuildConfiguration section */
		2249A80D260F5D240098ED6A /* Debug */ = {
			isa = XCBuildConfiguration;
			buildSettings = {
				ALWAYS_SEARCH_USER_PATHS = NO;
				CLANG_ANALYZER_NONNULL = YES;
				CLANG_ANALYZER_NUMBER_OBJECT_CONVERSION = YES_AGGRESSIVE;
				CLANG_CXX_LANGUAGE_STANDARD = "gnu++14";
				CLANG_CXX_LIBRARY = "libc++";
				CLANG_ENABLE_MODULES = YES;
				CLANG_ENABLE_OBJC_ARC = YES;
				CLANG_ENABLE_OBJC_WEAK = YES;
				CLANG_WARN_BLOCK_CAPTURE_AUTORELEASING = YES;
				CLANG_WARN_BOOL_CONVERSION = YES;
				CLANG_WARN_COMMA = YES;
				CLANG_WARN_CONSTANT_CONVERSION = YES;
				CLANG_WARN_DEPRECATED_OBJC_IMPLEMENTATIONS = YES;
				CLANG_WARN_DIRECT_OBJC_ISA_USAGE = YES_ERROR;
				CLANG_WARN_DOCUMENTATION_COMMENTS = YES;
				CLANG_WARN_EMPTY_BODY = YES;
				CLANG_WARN_ENUM_CONVERSION = YES;
				CLANG_WARN_INFINITE_RECURSION = YES;
				CLANG_WARN_INT_CONVERSION = YES;
				CLANG_WARN_NON_LITERAL_NULL_CONVERSION = YES;
				CLANG_WARN_OBJC_IMPLICIT_RETAIN_SELF = YES;
				CLANG_WARN_OBJC_LITERAL_CONVERSION = YES;
				CLANG_WARN_OBJC_ROOT_CLASS = YES_ERROR;
				CLANG_WARN_QUOTED_INCLUDE_IN_FRAMEWORK_HEADER = YES;
				CLANG_WARN_RANGE_LOOP_ANALYSIS = YES;
				CLANG_WARN_STRICT_PROTOTYPES = YES;
				CLANG_WARN_SUSPICIOUS_MOVE = YES;
				CLANG_WARN_UNGUARDED_AVAILABILITY = YES_AGGRESSIVE;
				CLANG_WARN_UNREACHABLE_CODE = YES;
				CLANG_WARN__DUPLICATE_METHOD_MATCH = YES;
				COPY_PHASE_STRIP = NO;
				DEBUG_INFORMATION_FORMAT = dwarf;
				ENABLE_STRICT_OBJC_MSGSEND = YES;
				ENABLE_TESTABILITY = YES;
				GCC_C_LANGUAGE_STANDARD = gnu11;
				GCC_DYNAMIC_NO_PIC = NO;
				GCC_NO_COMMON_BLOCKS = YES;
				GCC_OPTIMIZATION_LEVEL = 0;
				GCC_PREPROCESSOR_DEFINITIONS = (
					"DEBUG=1",
					"$(inherited)",
				);
				GCC_WARN_64_TO_32_BIT_CONVERSION = YES;
				GCC_WARN_ABOUT_RETURN_TYPE = YES_ERROR;
				GCC_WARN_UNDECLARED_SELECTOR = YES;
				GCC_WARN_UNINITIALIZED_AUTOS = YES_AGGRESSIVE;
				GCC_WARN_UNUSED_FUNCTION = YES;
				GCC_WARN_UNUSED_VARIABLE = YES;
				IPHONEOS_DEPLOYMENT_TARGET = 14.4;
				MTL_ENABLE_DEBUG_INFO = INCLUDE_SOURCE;
				MTL_FAST_MATH = YES;
				ONLY_ACTIVE_ARCH = YES;
				SDKROOT = iphoneos;
				SWIFT_ACTIVE_COMPILATION_CONDITIONS = DEBUG;
				SWIFT_OPTIMIZATION_LEVEL = "-Onone";
			};
			name = Debug;
		};
		2249A80E260F5D240098ED6A /* Release */ = {
			isa = XCBuildConfiguration;
			buildSettings = {
				ALWAYS_SEARCH_USER_PATHS = NO;
				CLANG_ANALYZER_NONNULL = YES;
				CLANG_ANALYZER_NUMBER_OBJECT_CONVERSION = YES_AGGRESSIVE;
				CLANG_CXX_LANGUAGE_STANDARD = "gnu++14";
				CLANG_CXX_LIBRARY = "libc++";
				CLANG_ENABLE_MODULES = YES;
				CLANG_ENABLE_OBJC_ARC = YES;
				CLANG_ENABLE_OBJC_WEAK = YES;
				CLANG_WARN_BLOCK_CAPTURE_AUTORELEASING = YES;
				CLANG_WARN_BOOL_CONVERSION = YES;
				CLANG_WARN_COMMA = YES;
				CLANG_WARN_CONSTANT_CONVERSION = YES;
				CLANG_WARN_DEPRECATED_OBJC_IMPLEMENTATIONS = YES;
				CLANG_WARN_DIRECT_OBJC_ISA_USAGE = YES_ERROR;
				CLANG_WARN_DOCUMENTATION_COMMENTS = YES;
				CLANG_WARN_EMPTY_BODY = YES;
				CLANG_WARN_ENUM_CONVERSION = YES;
				CLANG_WARN_INFINITE_RECURSION = YES;
				CLANG_WARN_INT_CONVERSION = YES;
				CLANG_WARN_NON_LITERAL_NULL_CONVERSION = YES;
				CLANG_WARN_OBJC_IMPLICIT_RETAIN_SELF = YES;
				CLANG_WARN_OBJC_LITERAL_CONVERSION = YES;
				CLANG_WARN_OBJC_ROOT_CLASS = YES_ERROR;
				CLANG_WARN_QUOTED_INCLUDE_IN_FRAMEWORK_HEADER = YES;
				CLANG_WARN_RANGE_LOOP_ANALYSIS = YES;
				CLANG_WARN_STRICT_PROTOTYPES = YES;
				CLANG_WARN_SUSPICIOUS_MOVE = YES;
				CLANG_WARN_UNGUARDED_AVAILABILITY = YES_AGGRESSIVE;
				CLANG_WARN_UNREACHABLE_CODE = YES;
				CLANG_WARN__DUPLICATE_METHOD_MATCH = YES;
				COPY_PHASE_STRIP = NO;
				DEBUG_INFORMATION_FORMAT = "dwarf-with-dsym";
				ENABLE_NS_ASSERTIONS = NO;
				ENABLE_STRICT_OBJC_MSGSEND = YES;
				GCC_C_LANGUAGE_STANDARD = gnu11;
				GCC_NO_COMMON_BLOCKS = YES;
				GCC_WARN_64_TO_32_BIT_CONVERSION = YES;
				GCC_WARN_ABOUT_RETURN_TYPE = YES_ERROR;
				GCC_WARN_UNDECLARED_SELECTOR = YES;
				GCC_WARN_UNINITIALIZED_AUTOS = YES_AGGRESSIVE;
				GCC_WARN_UNUSED_FUNCTION = YES;
				GCC_WARN_UNUSED_VARIABLE = YES;
				IPHONEOS_DEPLOYMENT_TARGET = 14.4;
				MTL_ENABLE_DEBUG_INFO = NO;
				MTL_FAST_MATH = YES;
				SDKROOT = iphoneos;
				SWIFT_COMPILATION_MODE = wholemodule;
				SWIFT_OPTIMIZATION_LEVEL = "-O";
				VALIDATE_PRODUCT = YES;
			};
			name = Release;
		};
		2249A810260F5D240098ED6A /* Debug */ = {
			isa = XCBuildConfiguration;
			buildSettings = {
				ASSETCATALOG_COMPILER_APPICON_NAME = AppIcon;
				ASSETCATALOG_COMPILER_GLOBAL_ACCENT_COLOR_NAME = AccentColor;
				CODE_SIGN_STYLE = Automatic;
				DEVELOPMENT_ASSET_PATHS = "\"Expense/Preview Content\"";
				DEVELOPMENT_TEAM = 568BW9C96K;
				ENABLE_PREVIEWS = YES;
				INFOPLIST_FILE = Expense/Info.plist;
				LD_RUNPATH_SEARCH_PATHS = (
					"$(inherited)",
					"@executable_path/Frameworks",
				);
				PRODUCT_BUNDLE_IDENTIFIER = "test-org.Expense";
				PRODUCT_NAME = "$(TARGET_NAME)";
				SWIFT_VERSION = 5.0;
				TARGETED_DEVICE_FAMILY = "1,2";
			};
			name = Debug;
		};
		2249A811260F5D240098ED6A /* Release */ = {
			isa = XCBuildConfiguration;
			buildSettings = {
				ASSETCATALOG_COMPILER_APPICON_NAME = AppIcon;
				ASSETCATALOG_COMPILER_GLOBAL_ACCENT_COLOR_NAME = AccentColor;
				CODE_SIGN_STYLE = Automatic;
				DEVELOPMENT_ASSET_PATHS = "\"Expense/Preview Content\"";
				DEVELOPMENT_TEAM = 568BW9C96K;
				ENABLE_PREVIEWS = YES;
				INFOPLIST_FILE = Expense/Info.plist;
				LD_RUNPATH_SEARCH_PATHS = (
					"$(inherited)",
					"@executable_path/Frameworks",
				);
				PRODUCT_BUNDLE_IDENTIFIER = "test-org.Expense";
				PRODUCT_NAME = "$(TARGET_NAME)";
				SWIFT_VERSION = 5.0;
				TARGETED_DEVICE_FAMILY = "1,2";
			};
			name = Release;
		};
		2249A813260F5D240098ED6A /* Debug */ = {
			isa = XCBuildConfiguration;
			buildSettings = {
				ALWAYS_EMBED_SWIFT_STANDARD_LIBRARIES = YES;
				BUNDLE_LOADER = "$(TEST_HOST)";
				CODE_SIGN_STYLE = Automatic;
				DEVELOPMENT_TEAM = 568BW9C96K;
				INFOPLIST_FILE = ExpenseTests/Info.plist;
				IPHONEOS_DEPLOYMENT_TARGET = 14.4;
				LD_RUNPATH_SEARCH_PATHS = (
					"$(inherited)",
					"@executable_path/Frameworks",
					"@loader_path/Frameworks",
				);
				PRODUCT_BUNDLE_IDENTIFIER = "test-org.ExpenseTests";
				PRODUCT_NAME = "$(TARGET_NAME)";
				SWIFT_VERSION = 5.0;
				TARGETED_DEVICE_FAMILY = "1,2";
				TEST_HOST = "$(BUILT_PRODUCTS_DIR)/Expense.app/Expense";
			};
			name = Debug;
		};
		2249A814260F5D240098ED6A /* Release */ = {
			isa = XCBuildConfiguration;
			buildSettings = {
				ALWAYS_EMBED_SWIFT_STANDARD_LIBRARIES = YES;
				BUNDLE_LOADER = "$(TEST_HOST)";
				CODE_SIGN_STYLE = Automatic;
				DEVELOPMENT_TEAM = 568BW9C96K;
				INFOPLIST_FILE = ExpenseTests/Info.plist;
				IPHONEOS_DEPLOYMENT_TARGET = 14.4;
				LD_RUNPATH_SEARCH_PATHS = (
					"$(inherited)",
					"@executable_path/Frameworks",
					"@loader_path/Frameworks",
				);
				PRODUCT_BUNDLE_IDENTIFIER = "test-org.ExpenseTests";
				PRODUCT_NAME = "$(TARGET_NAME)";
				SWIFT_VERSION = 5.0;
				TARGETED_DEVICE_FAMILY = "1,2";
				TEST_HOST = "$(BUILT_PRODUCTS_DIR)/Expense.app/Expense";
			};
			name = Release;
		};
		2249A816260F5D240098ED6A /* Debug */ = {
			isa = XCBuildConfiguration;
			buildSettings = {
				ALWAYS_EMBED_SWIFT_STANDARD_LIBRARIES = YES;
				CODE_SIGN_STYLE = Automatic;
				DEVELOPMENT_TEAM = 568BW9C96K;
				INFOPLIST_FILE = ExpenseUITests/Info.plist;
				LD_RUNPATH_SEARCH_PATHS = (
					"$(inherited)",
					"@executable_path/Frameworks",
					"@loader_path/Frameworks",
				);
				PRODUCT_BUNDLE_IDENTIFIER = "test-org.ExpenseUITests";
				PRODUCT_NAME = "$(TARGET_NAME)";
				SWIFT_VERSION = 5.0;
				TARGETED_DEVICE_FAMILY = "1,2";
				TEST_TARGET_NAME = Expense;
			};
			name = Debug;
		};
		2249A817260F5D240098ED6A /* Release */ = {
			isa = XCBuildConfiguration;
			buildSettings = {
				ALWAYS_EMBED_SWIFT_STANDARD_LIBRARIES = YES;
				CODE_SIGN_STYLE = Automatic;
				DEVELOPMENT_TEAM = 568BW9C96K;
				INFOPLIST_FILE = ExpenseUITests/Info.plist;
				LD_RUNPATH_SEARCH_PATHS = (
					"$(inherited)",
					"@executable_path/Frameworks",
					"@loader_path/Frameworks",
				);
				PRODUCT_BUNDLE_IDENTIFIER = "test-org.ExpenseUITests";
				PRODUCT_NAME = "$(TARGET_NAME)";
				SWIFT_VERSION = 5.0;
				TARGETED_DEVICE_FAMILY = "1,2";
				TEST_TARGET_NAME = Expense;
			};
			name = Release;
		};
/* End XCBuildConfiguration section */

/* Begin XCConfigurationList section */
		2249A7E0260F5D1E0098ED6A /* Build configuration list for PBXProject "Expense" */ = {
			isa = XCConfigurationList;
			buildConfigurations = (
				2249A80D260F5D240098ED6A /* Debug */,
				2249A80E260F5D240098ED6A /* Release */,
			);
			defaultConfigurationIsVisible = 0;
			defaultConfigurationName = Release;
		};
		2249A80F260F5D240098ED6A /* Build configuration list for PBXNativeTarget "Expense" */ = {
			isa = XCConfigurationList;
			buildConfigurations = (
				2249A810260F5D240098ED6A /* Debug */,
				2249A811260F5D240098ED6A /* Release */,
			);
			defaultConfigurationIsVisible = 0;
			defaultConfigurationName = Release;
		};
		2249A812260F5D240098ED6A /* Build configuration list for PBXNativeTarget "ExpenseTests" */ = {
			isa = XCConfigurationList;
			buildConfigurations = (
				2249A813260F5D240098ED6A /* Debug */,
				2249A814260F5D240098ED6A /* Release */,
			);
			defaultConfigurationIsVisible = 0;
			defaultConfigurationName = Release;
		};
		2249A815260F5D240098ED6A /* Build configuration list for PBXNativeTarget "ExpenseUITests" */ = {
			isa = XCConfigurationList;
			buildConfigurations = (
				2249A816260F5D240098ED6A /* Debug */,
				2249A817260F5D240098ED6A /* Release */,
			);
			defaultConfigurationIsVisible = 0;
			defaultConfigurationName = Release;
		};
/* End XCConfigurationList section */
	};
	rootObject = 2249A7DD260F5D1E0098ED6A /* Project object */;
}
